
Microsoft Visual Studio Solution File, Format Version 12.00
# Visual Studio Version 16
VisualStudioVersion = 16.0.34601.136
MinimumVisualStudioVersion = 10.0.40219.1
Project("{FAE04EC0-301F-11D3-BF4B-00C04F79EFBC}") = "ALOT_Mobile.Android", "ALOT_Mobile\ALOT_Mobile.Android\ALOT_Mobile.Android.csproj", "{4F39F297-0428-4456-9FC1-4225D7BDAB42}"
EndProject
Project("{FAE04EC0-301F-11D3-BF4B-00C04F79EFBC}") = "ALOT_Mobile.iOS", "ALOT_Mobile\ALOT_Mobile.iOS\ALOT_Mobile.iOS.csproj", "{2CED8276-9F3A-4353-86AE-7133A970BCFF}"
EndProject
Project("{FAE04EC0-301F-11D3-BF4B-00C04F79EFBC}") = "ALOT_Mobile", "ALOT_Mobile\ALOT_Mobile\ALOT_Mobile.csproj", "{3616B423-F3C4-4914-BFCA-8437112C2077}"
EndProject
Global
	GlobalSection(SolutionConfigurationPlatforms) = preSolution
		Debug|Any CPU = Debug|Any CPU
		Debug|iPhone = Debug|iPhone
		Debug|iPhoneSimulator = Debug|iPhoneSimulator
		Release|Any CPU = Release|Any CPU
		Release|iPhone = Release|iPhone
		Release|iPhoneSimulator = Release|iPhoneSimulator
	EndGlobalSection
	GlobalSection(ProjectConfigurationPlatforms) = postSolution
		{4F39F297-0428-4456-9FC1-4225D7BDAB42}.Debug|Any CPU.ActiveCfg = Debug|Any CPU
		{4F39F297-0428-4456-9FC1-4225D7BDAB42}.Debug|Any CPU.Build.0 = Debug|Any CPU
		{4F39F297-0428-4456-9FC1-4225D7BDAB42}.Debug|Any CPU.Deploy.0 = Debug|Any CPU
		{4F39F297-0428-4456-9FC1-4225D7BDAB42}.Debug|iPhone.ActiveCfg = Debug|Any CPU
		{4F39F297-0428-4456-9FC1-4225D7BDAB42}.Debug|iPhone.Build.0 = Debug|Any CPU
		{4F39F297-0428-4456-9FC1-4225D7BDAB42}.Debug|iPhone.Deploy.0 = Debug|Any CPU
		{4F39F297-0428-4456-9FC1-4225D7BDAB42}.Debug|iPhoneSimulator.ActiveCfg = Debug|Any CPU
		{4F39F297-0428-4456-9FC1-4225D7BDAB42}.Debug|iPhoneSimulator.Build.0 = Debug|Any CPU
		{4F39F297-0428-4456-9FC1-4225D7BDAB42}.Debug|iPhoneSimulator.Deploy.0 = Debug|Any CPU
		{4F39F297-0428-4456-9FC1-4225D7BDAB42}.Release|Any CPU.ActiveCfg = Release|Any CPU
		{4F39F297-0428-4456-9FC1-4225D7BDAB42}.Release|Any CPU.Build.0 = Release|Any CPU
		{4F39F297-0428-4456-9FC1-4225D7BDAB42}.Release|Any CPU.Deploy.0 = Release|Any CPU
		{4F39F297-0428-4456-9FC1-4225D7BDAB42}.Release|iPhone.ActiveCfg = Release|Any CPU
		{4F39F297-0428-4456-9FC1-4225D7BDAB42}.Release|iPhone.Build.0 = Release|Any CPU
		{4F39F297-0428-4456-9FC1-4225D7BDAB42}.Release|iPhone.Deploy.0 = Release|Any CPU
		{4F39F297-0428-4456-9FC1-4225D7BDAB42}.Release|iPhoneSimulator.ActiveCfg = Release|Any CPU
		{4F39F297-0428-4456-9FC1-4225D7BDAB42}.Release|iPhoneSimulator.Build.0 = Release|Any CPU
		{4F39F297-0428-4456-9FC1-4225D7BDAB42}.Release|iPhoneSimulator.Deploy.0 = Release|Any CPU
		{2CED8276-9F3A-4353-86AE-7133A970BCFF}.Debug|Any CPU.ActiveCfg = Debug|iPhone
		{2CED8276-9F3A-4353-86AE-7133A970BCFF}.Debug|Any CPU.Build.0 = Debug|iPhone
		{2CED8276-9F3A-4353-86AE-7133A970BCFF}.Debug|Any CPU.Deploy.0 = Debug|iPhone
		{2CED8276-9F3A-4353-86AE-7133A970BCFF}.Debug|iPhone.ActiveCfg = Debug|iPhone
		{2CED8276-9F3A-4353-86AE-7133A970BCFF}.Debug|iPhone.Build.0 = Debug|iPhone
		{2CED8276-9F3A-4353-86AE-7133A970BCFF}.Debug|iPhone.Deploy.0 = Debug|iPhone
		{2CED8276-9F3A-4353-86AE-7133A970BCFF}.Debug|iPhoneSimulator.ActiveCfg = Debug|iPhoneSimulator
		{2CED8276-9F3A-4353-86AE-7133A970BCFF}.Debug|iPhoneSimulator.Build.0 = Debug|iPhoneSimulator
		{2CED8276-9F3A-4353-86AE-7133A970BCFF}.Debug|iPhoneSimulator.Deploy.0 = Debug|iPhoneSimulator
		{2CED8276-9F3A-4353-86AE-7133A970BCFF}.Release|Any CPU.ActiveCfg = Release|iPhoneSimulator
		{2CED8276-9F3A-4353-86AE-7133A970BCFF}.Release|Any CPU.Build.0 = Release|iPhoneSimulator
		{2CED8276-9F3A-4353-86AE-7133A970BCFF}.Release|Any CPU.Deploy.0 = Release|iPhoneSimulator
		{2CED8276-9F3A-4353-86AE-7133A970BCFF}.Release|iPhone.ActiveCfg = Release|iPhone
		{2CED8276-9F3A-4353-86AE-7133A970BCFF}.Release|iPhone.Build.0 = Release|iPhone
		{2CED8276-9F3A-4353-86AE-7133A970BCFF}.Release|iPhone.Deploy.0 = Release|iPhone
		{2CED8276-9F3A-4353-86AE-7133A970BCFF}.Release|iPhoneSimulator.ActiveCfg = Release|iPhoneSimulator
		{2CED8276-9F3A-4353-86AE-7133A970BCFF}.Release|iPhoneSimulator.Build.0 = Release|iPhoneSimulator
		{2CED8276-9F3A-4353-86AE-7133A970BCFF}.Release|iPhoneSimulator.Deploy.0 = Release|iPhoneSimulator
		{3616B423-F3C4-4914-BFCA-8437112C2077}.Debug|Any CPU.ActiveCfg = Debug|Any CPU
		{3616B423-F3C4-4914-BFCA-8437112C2077}.Debug|Any CPU.Build.0 = Debug|Any CPU
		{3616B423-F3C4-4914-BFCA-8437112C2077}.Debug|Any CPU.Deploy.0 = Debug|Any CPU
		{3616B423-F3C4-4914-BFCA-8437112C2077}.Debug|iPhone.ActiveCfg = Debug|Any CPU
		{3616B423-F3C4-4914-BFCA-8437112C2077}.Debug|iPhone.Build.0 = Debug|Any CPU
		{3616B423-F3C4-4914-BFCA-8437112C2077}.Debug|iPhone.Deploy.0 = Debug|Any CPU
		{3616B423-F3C4-4914-BFCA-8437112C2077}.Debug|iPhoneSimulator.ActiveCfg = Debug|Any CPU
		{3616B423-F3C4-4914-BFCA-8437112C2077}.Debug|iPhoneSimulator.Build.0 = Debug|Any CPU
		{3616B423-F3C4-4914-BFCA-8437112C2077}.Debug|iPhoneSimulator.Deploy.0 = Debug|Any CPU
		{3616B423-F3C4-4914-BFCA-8437112C2077}.Release|Any CPU.ActiveCfg = Release|Any CPU
		{3616B423-F3C4-4914-BFCA-8437112C2077}.Release|Any CPU.Build.0 = Release|Any CPU
		{3616B423-F3C4-4914-BFCA-8437112C2077}.Release|Any CPU.Deploy.0 = Release|Any CPU
		{3616B423-F3C4-4914-BFCA-8437112C2077}.Release|iPhone.ActiveCfg = Release|Any CPU
		{3616B423-F3C4-4914-BFCA-8437112C2077}.Release|iPhone.Build.0 = Release|Any CPU
		{3616B423-F3C4-4914-BFCA-8437112C2077}.Release|iPhone.Deploy.0 = Release|Any CPU
		{3616B423-F3C4-4914-BFCA-8437112C2077}.Release|iPhoneSimulator.ActiveCfg = Release|Any CPU
		{3616B423-F3C4-4914-BFCA-8437112C2077}.Release|iPhoneSimulator.Build.0 = Release|Any CPU
		{3616B423-F3C4-4914-BFCA-8437112C2077}.Release|iPhoneSimulator.Deploy.0 = Release|Any CPU
	EndGlobalSection
	GlobalSection(SolutionProperties) = preSolution
		HideSolutionNode = FALSE
	EndGlobalSection
	GlobalSection(ExtensibilityGlobals) = postSolution
		SolutionGuid = {FB0328F1-84E8-4C2D-8A2E-A3666EA09473}
	EndGlobalSection
EndGlobal
